
Microsoft Visual Studio Solution File, Format Version 12.00
# Visual Studio Version 16
VisualStudioVersion = 16.0.31702.278
MinimumVisualStudioVersion = 10.0.40219.1
Project("{FAE04EC0-301F-11D3-BF4B-00C04F79EFBC}") = "Proyecto", "Proyecto.csproj", "{104508A2-FAA6-40F4-A363-EFC4B8D6E0BB}"
EndProject
Project("{FAE04EC0-301F-11D3-BF4B-00C04F79EFBC}") = "PruebasUnitarias", "..\UnitTestProject1\PruebasUnitarias.csproj", "{BA6884DA-A23D-4521-9C74-82BB36E0A58D}"
EndProject
Project("{FAE04EC0-301F-11D3-BF4B-00C04F79EFBC}") = "ControlPersonalizado", "..\ControlPersonalizado\ControlPersonalizado.csproj", "{364AA5FD-513B-4998-8C9A-F2CB926AD558}"
EndProject
Global
	GlobalSection(SolutionConfigurationPlatforms) = preSolution
		Debug|Any CPU = Debug|Any CPU
		Release|Any CPU = Release|Any CPU
	EndGlobalSection
	GlobalSection(ProjectConfigurationPlatforms) = postSolution
		{104508A2-FAA6-40F4-A363-EFC4B8D6E0BB}.Debug|Any CPU.ActiveCfg = Debug|Any CPU
		{104508A2-FAA6-40F4-A363-EFC4B8D6E0BB}.Debug|Any CPU.Build.0 = Debug|Any CPU
		{104508A2-FAA6-40F4-A363-EFC4B8D6E0BB}.Release|Any CPU.ActiveCfg = Release|Any CPU
		{104508A2-FAA6-40F4-A363-EFC4B8D6E0BB}.Release|Any CPU.Build.0 = Release|Any CPU
		{BA6884DA-A23D-4521-9C74-82BB36E0A58D}.Debug|Any CPU.ActiveCfg = Debug|Any CPU
		{BA6884DA-A23D-4521-9C74-82BB36E0A58D}.Debug|Any CPU.Build.0 = Debug|Any CPU
		{BA6884DA-A23D-4521-9C74-82BB36E0A58D}.Release|Any CPU.ActiveCfg = Release|Any CPU
		{BA6884DA-A23D-4521-9C74-82BB36E0A58D}.Release|Any CPU.Build.0 = Release|Any CPU
		{364AA5FD-513B-4998-8C9A-F2CB926AD558}.Debug|Any CPU.ActiveCfg = Debug|Any CPU
		{364AA5FD-513B-4998-8C9A-F2CB926AD558}.Debug|Any CPU.Build.0 = Debug|Any CPU
		{364AA5FD-513B-4998-8C9A-F2CB926AD558}.Release|Any CPU.ActiveCfg = Release|Any CPU
		{364AA5FD-513B-4998-8C9A-F2CB926AD558}.Release|Any CPU.Build.0 = Release|Any CPU
	EndGlobalSection
	GlobalSection(SolutionProperties) = preSolution
		HideSolutionNode = FALSE
	EndGlobalSection
	GlobalSection(ExtensibilityGlobals) = postSolution
		SolutionGuid = {BFD11A45-E66B-4930-BAF6-EE7B582D24E8}
	EndGlobalSection
EndGlobal
